// !$*UTF8*$!
{
	archiveVersion = 1;
	classes = {
	};
	objectVersion = 77;
	objects = {

/* Begin PBXBuildFile section */
		46169BE82D1388A200D61435 /* RecommendedView.swift in Sources */ = {isa = PBXBuildFile; fileRef = 46169BE72D1388A200D61435 /* RecommendedView.swift */; };
		462853532D13A33600F283FE /* MenuView.swift in Sources */ = {isa = PBXBuildFile; fileRef = 462853522D13A33600F283FE /* MenuView.swift */; };
		4628536B2D13A3F100F283FE /* Page.swift in Sources */ = {isa = PBXBuildFile; fileRef = 4628536A2D13A3F100F283FE /* Page.swift */; };
		462853782D13B27200F283FE /* MenuHeaderView.swift in Sources */ = {isa = PBXBuildFile; fileRef = 462853772D13B27200F283FE /* MenuHeaderView.swift */; };
		463921492D1493AD00F3ED6E /* ShopView.swift in Sources */ = {isa = PBXBuildFile; fileRef = 463921482D1493AD00F3ED6E /* ShopView.swift */; };
		463921562D14A54300F3ED6E /* AccountView.swift in Sources */ = {isa = PBXBuildFile; fileRef = 463921552D14A54300F3ED6E /* AccountView.swift */; };
		463921582D14A82B00F3ED6E /* AccountOptions.swift in Sources */ = {isa = PBXBuildFile; fileRef = 463921572D14A82B00F3ED6E /* AccountOptions.swift */; };
		4639215A2D14AD2300F3ED6E /* AboutView.swift in Sources */ = {isa = PBXBuildFile; fileRef = 463921592D14AD2300F3ED6E /* AboutView.swift */; };
		4639215C2D14ADC200F3ED6E /* AboutOptions.swift in Sources */ = {isa = PBXBuildFile; fileRef = 4639215B2D14ADC200F3ED6E /* AboutOptions.swift */; };
		464DD4CE2D17128400CC5653 /* SelectCurrencyView.swift in Sources */ = {isa = PBXBuildFile; fileRef = 464DD4CD2D17128400CC5653 /* SelectCurrencyView.swift */; };
		46BBC53E2D15E4C600942AB4 /* Items.swift in Sources */ = {isa = PBXBuildFile; fileRef = 46BBC53D2D15E4C600942AB4 /* Items.swift */; };
		46BBC5402D15EB3B00942AB4 /* ClothingBarOptions.swift in Sources */ = {isa = PBXBuildFile; fileRef = 46BBC53F2D15EB3B00942AB4 /* ClothingBarOptions.swift */; };
		46BBC5422D15ECCC00942AB4 /* ClothingView.swift in Sources */ = {isa = PBXBuildFile; fileRef = 46BBC5412D15ECCC00942AB4 /* ClothingView.swift */; };
		46BBC5442D15EFA400942AB4 /* ItemSelectionView.swift in Sources */ = {isa = PBXBuildFile; fileRef = 46BBC5432D15EFA400942AB4 /* ItemSelectionView.swift */; };
		46BBC5462D15F0B500942AB4 /* ClothingOptionList.swift in Sources */ = {isa = PBXBuildFile; fileRef = 46BBC5452D15F0B500942AB4 /* ClothingOptionList.swift */; };
		46BBC5492D1600EF00942AB4 /* ShopHeaderView.swift in Sources */ = {isa = PBXBuildFile; fileRef = 46BBC5482D1600EF00942AB4 /* ShopHeaderView.swift */; };
		46C5EBC52D12FF1C00FCC689 /* AmurFalconApp.swift in Sources */ = {isa = PBXBuildFile; fileRef = 46C5EBC42D12FF1C00FCC689 /* AmurFalconApp.swift */; };
		46C5EBF52D13024C00FCC689 /* HomeView.swift in Sources */ = {isa = PBXBuildFile; fileRef = 46C5EBF42D13024C00FCC689 /* HomeView.swift */; };
		46C5EBF72D1302DA00FCC689 /* AnimatedMenuView.swift in Sources */ = {isa = PBXBuildFile; fileRef = 46C5EBF62D1302DA00FCC689 /* AnimatedMenuView.swift */; };
		46C5EBFD2D13092A00FCC689 /* SearchBarView.swift in Sources */ = {isa = PBXBuildFile; fileRef = 46C5EBFC2D13092A00FCC689 /* SearchBarView.swift */; };
/* End PBXBuildFile section */

/* Begin PBXContainerItemProxy section */
		46C5EBD22D12FF1D00FCC689 /* PBXContainerItemProxy */ = {
			isa = PBXContainerItemProxy;
			containerPortal = 46C5EBB92D12FF1C00FCC689 /* Project object */;
			proxyType = 1;
			remoteGlobalIDString = 46C5EBC02D12FF1C00FCC689;
			remoteInfo = AmurFalcon;
		};
		46C5EBDC2D12FF1D00FCC689 /* PBXContainerItemProxy */ = {
			isa = PBXContainerItemProxy;
			containerPortal = 46C5EBB92D12FF1C00FCC689 /* Project object */;
			proxyType = 1;
			remoteGlobalIDString = 46C5EBC02D12FF1C00FCC689;
			remoteInfo = AmurFalcon;
		};
/* End PBXContainerItemProxy section */

/* Begin PBXFileReference section */
		46169BE72D1388A200D61435 /* RecommendedView.swift */ = {isa = PBXFileReference; lastKnownFileType = sourcecode.swift; path = RecommendedView.swift; sourceTree = "<group>"; };
		462853522D13A33600F283FE /* MenuView.swift */ = {isa = PBXFileReference; lastKnownFileType = sourcecode.swift; path = MenuView.swift; sourceTree = "<group>"; };
		4628536A2D13A3F100F283FE /* Page.swift */ = {isa = PBXFileReference; lastKnownFileType = sourcecode.swift; path = Page.swift; sourceTree = "<group>"; };
		462853772D13B27200F283FE /* MenuHeaderView.swift */ = {isa = PBXFileReference; lastKnownFileType = sourcecode.swift; path = MenuHeaderView.swift; sourceTree = "<group>"; };
		463921482D1493AD00F3ED6E /* ShopView.swift */ = {isa = PBXFileReference; lastKnownFileType = sourcecode.swift; path = ShopView.swift; sourceTree = "<group>"; };
		463921552D14A54300F3ED6E /* AccountView.swift */ = {isa = PBXFileReference; lastKnownFileType = sourcecode.swift; path = AccountView.swift; sourceTree = "<group>"; };
		463921572D14A82B00F3ED6E /* AccountOptions.swift */ = {isa = PBXFileReference; lastKnownFileType = sourcecode.swift; path = AccountOptions.swift; sourceTree = "<group>"; };
		463921592D14AD2300F3ED6E /* AboutView.swift */ = {isa = PBXFileReference; lastKnownFileType = sourcecode.swift; path = AboutView.swift; sourceTree = "<group>"; };
		4639215B2D14ADC200F3ED6E /* AboutOptions.swift */ = {isa = PBXFileReference; lastKnownFileType = sourcecode.swift; path = AboutOptions.swift; sourceTree = "<group>"; };
		464DD4CD2D17128400CC5653 /* SelectCurrencyView.swift */ = {isa = PBXFileReference; lastKnownFileType = sourcecode.swift; path = SelectCurrencyView.swift; sourceTree = "<group>"; };
		46BBC53D2D15E4C600942AB4 /* Items.swift */ = {isa = PBXFileReference; lastKnownFileType = sourcecode.swift; path = Items.swift; sourceTree = "<group>"; };
		46BBC53F2D15EB3B00942AB4 /* ClothingBarOptions.swift */ = {isa = PBXFileReference; lastKnownFileType = sourcecode.swift; path = ClothingBarOptions.swift; sourceTree = "<group>"; };
		46BBC5412D15ECCC00942AB4 /* ClothingView.swift */ = {isa = PBXFileReference; lastKnownFileType = sourcecode.swift; path = ClothingView.swift; sourceTree = "<group>"; };
		46BBC5432D15EFA400942AB4 /* ItemSelectionView.swift */ = {isa = PBXFileReference; lastKnownFileType = sourcecode.swift; path = ItemSelectionView.swift; sourceTree = "<group>"; };
		46BBC5452D15F0B500942AB4 /* ClothingOptionList.swift */ = {isa = PBXFileReference; lastKnownFileType = sourcecode.swift; path = ClothingOptionList.swift; sourceTree = "<group>"; };
		46BBC5482D1600EF00942AB4 /* ShopHeaderView.swift */ = {isa = PBXFileReference; lastKnownFileType = sourcecode.swift; path = ShopHeaderView.swift; sourceTree = "<group>"; };
		46C5EBC12D12FF1C00FCC689 /* AmurFalcon.app */ = {isa = PBXFileReference; explicitFileType = wrapper.application; includeInIndex = 0; path = AmurFalcon.app; sourceTree = BUILT_PRODUCTS_DIR; };
		46C5EBC42D12FF1C00FCC689 /* AmurFalconApp.swift */ = {isa = PBXFileReference; lastKnownFileType = sourcecode.swift; path = AmurFalconApp.swift; sourceTree = "<group>"; };
		46C5EBD12D12FF1D00FCC689 /* AmurFalconTests.xctest */ = {isa = PBXFileReference; explicitFileType = wrapper.cfbundle; includeInIndex = 0; path = AmurFalconTests.xctest; sourceTree = BUILT_PRODUCTS_DIR; };
		46C5EBDB2D12FF1D00FCC689 /* AmurFalconUITests.xctest */ = {isa = PBXFileReference; explicitFileType = wrapper.cfbundle; includeInIndex = 0; path = AmurFalconUITests.xctest; sourceTree = BUILT_PRODUCTS_DIR; };
		46C5EBF42D13024C00FCC689 /* HomeView.swift */ = {isa = PBXFileReference; lastKnownFileType = sourcecode.swift; path = HomeView.swift; sourceTree = "<group>"; };
		46C5EBF62D1302DA00FCC689 /* AnimatedMenuView.swift */ = {isa = PBXFileReference; lastKnownFileType = sourcecode.swift; path = AnimatedMenuView.swift; sourceTree = "<group>"; };
		46C5EBFC2D13092A00FCC689 /* SearchBarView.swift */ = {isa = PBXFileReference; lastKnownFileType = sourcecode.swift; path = SearchBarView.swift; sourceTree = "<group>"; };
/* End PBXFileReference section */

/* Begin PBXFileSystemSynchronizedRootGroup section */
		46C5EBC32D12FF1C00FCC689 /* AmurFalcon */ = {
			isa = PBXFileSystemSynchronizedRootGroup;
			path = AmurFalcon;
			sourceTree = "<group>";
		};
		46C5EBD42D12FF1D00FCC689 /* AmurFalconTests */ = {
			isa = PBXFileSystemSynchronizedRootGroup;
			path = AmurFalconTests;
			sourceTree = "<group>";
		};
		46C5EBDE2D12FF1D00FCC689 /* AmurFalconUITests */ = {
			isa = PBXFileSystemSynchronizedRootGroup;
			path = AmurFalconUITests;
			sourceTree = "<group>";
		};
/* End PBXFileSystemSynchronizedRootGroup section */

/* Begin PBXFrameworksBuildPhase section */
		46C5EBBE2D12FF1C00FCC689 /* Frameworks */ = {
			isa = PBXFrameworksBuildPhase;
			buildActionMask = 2147483647;
			files = (
			);
			runOnlyForDeploymentPostprocessing = 0;
		};
		46C5EBCE2D12FF1D00FCC689 /* Frameworks */ = {
			isa = PBXFrameworksBuildPhase;
			buildActionMask = 2147483647;
			files = (
			);
			runOnlyForDeploymentPostprocessing = 0;
		};
		46C5EBD82D12FF1D00FCC689 /* Frameworks */ = {
			isa = PBXFrameworksBuildPhase;
			buildActionMask = 2147483647;
			files = (
			);
			runOnlyForDeploymentPostprocessing = 0;
		};
/* End PBXFrameworksBuildPhase section */

/* Begin PBXGroup section */
		462853512D13A31F00F283FE /* Menu */ = {
			isa = PBXGroup;
			children = (
				462853522D13A33600F283FE /* MenuView.swift */,
			);
			path = Menu;
			sourceTree = "<group>";
		};
		464DD4CC2D17126C00CC5653 /* Sheets */ = {
			isa = PBXGroup;
			children = (
				463921592D14AD2300F3ED6E /* AboutView.swift */,
				464DD4CD2D17128400CC5653 /* SelectCurrencyView.swift */,
			);
			path = Sheets;
			sourceTree = "<group>";
		};
		46BBC5472D15F4AD00942AB4 /* Clothing */ = {
			isa = PBXGroup;
			children = (
				46BBC5452D15F0B500942AB4 /* ClothingOptionList.swift */,
				46BBC5432D15EFA400942AB4 /* ItemSelectionView.swift */,
			);
			path = Clothing;
			sourceTree = "<group>";
		};
		46C5EBB82D12FF1C00FCC689 = {
			isa = PBXGroup;
			children = (
				46C5EBF32D12FF6000FCC689 /* App */,
				46C5EBF22D12FF5600FCC689 /* Extensions */,
				46C5EBF12D12FF4F00FCC689 /* Managers */,
				46C5EBF02D12FF4600FCC689 /* Models */,
				46C5EBEF2D12FF3800FCC689 /* Subviews */,
				464DD4CC2D17126C00CC5653 /* Sheets */,
				46C5EBEE2D12FF2C00FCC689 /* Views */,
				46C5EBC32D12FF1C00FCC689 /* AmurFalcon */,
				46C5EBD42D12FF1D00FCC689 /* AmurFalconTests */,
				46C5EBDE2D12FF1D00FCC689 /* AmurFalconUITests */,
				46C5EBC22D12FF1C00FCC689 /* Products */,
			);
			sourceTree = "<group>";
		};
		46C5EBC22D12FF1C00FCC689 /* Products */ = {
			isa = PBXGroup;
			children = (
				46C5EBC12D12FF1C00FCC689 /* AmurFalcon.app */,
				46C5EBD12D12FF1D00FCC689 /* AmurFalconTests.xctest */,
				46C5EBDB2D12FF1D00FCC689 /* AmurFalconUITests.xctest */,
			);
			name = Products;
			sourceTree = "<group>";
		};
		46C5EBEE2D12FF2C00FCC689 /* Views */ = {
			isa = PBXGroup;
			children = (
				463921552D14A54300F3ED6E /* AccountView.swift */,
				46BBC5412D15ECCC00942AB4 /* ClothingView.swift */,
				46C5EBF42D13024C00FCC689 /* HomeView.swift */,
				46C5EBFC2D13092A00FCC689 /* SearchBarView.swift */,
				463921482D1493AD00F3ED6E /* ShopView.swift */,
			);
			path = Views;
			sourceTree = "<group>";
		};
		46C5EBEF2D12FF3800FCC689 /* Subviews */ = {
			isa = PBXGroup;
			children = (
				46169BE72D1388A200D61435 /* RecommendedView.swift */,
				46C5EBF82D1302DE00FCC689 /* Buttons */,
				46BBC5472D15F4AD00942AB4 /* Clothing */,
				462853512D13A31F00F283FE /* Menu */,
				46C5EBF92D13080600FCC689 /* Headers */,
			);
			path = Subviews;
			sourceTree = "<group>";
		};
		46C5EBF02D12FF4600FCC689 /* Models */ = {
			isa = PBXGroup;
			children = (
				4639215B2D14ADC200F3ED6E /* AboutOptions.swift */,
				463921572D14A82B00F3ED6E /* AccountOptions.swift */,
				46BBC53F2D15EB3B00942AB4 /* ClothingBarOptions.swift */,
				46BBC53D2D15E4C600942AB4 /* Items.swift */,
				4628536A2D13A3F100F283FE /* Page.swift */,
			);
			path = Models;
			sourceTree = "<group>";
		};
		46C5EBF12D12FF4F00FCC689 /* Managers */ = {
			isa = PBXGroup;
			children = (
			);
			path = Managers;
			sourceTree = "<group>";
		};
		46C5EBF22D12FF5600FCC689 /* Extensions */ = {
			isa = PBXGroup;
			children = (
			);
			path = Extensions;
			sourceTree = "<group>";
		};
		46C5EBF32D12FF6000FCC689 /* App */ = {
			isa = PBXGroup;
			children = (
				46C5EBC42D12FF1C00FCC689 /* AmurFalconApp.swift */,
			);
			path = App;
			sourceTree = "<group>";
		};
		46C5EBF82D1302DE00FCC689 /* Buttons */ = {
			isa = PBXGroup;
			children = (
				46C5EBF62D1302DA00FCC689 /* AnimatedMenuView.swift */,
			);
			path = Buttons;
			sourceTree = "<group>";
		};
		46C5EBF92D13080600FCC689 /* Headers */ = {
			isa = PBXGroup;
			children = (
				462853772D13B27200F283FE /* MenuHeaderView.swift */,
				46BBC5482D1600EF00942AB4 /* ShopHeaderView.swift */,
			);
			path = Headers;
			sourceTree = "<group>";
		};
/* End PBXGroup section */

/* Begin PBXNativeTarget section */
		46C5EBC02D12FF1C00FCC689 /* AmurFalcon */ = {
			isa = PBXNativeTarget;
			buildConfigurationList = 46C5EBE52D12FF1D00FCC689 /* Build configuration list for PBXNativeTarget "AmurFalcon" */;
			buildPhases = (
				46C5EBBD2D12FF1C00FCC689 /* Sources */,
				46C5EBBE2D12FF1C00FCC689 /* Frameworks */,
				46C5EBBF2D12FF1C00FCC689 /* Resources */,
			);
			buildRules = (
			);
			dependencies = (
			);
			fileSystemSynchronizedGroups = (
				46C5EBC32D12FF1C00FCC689 /* AmurFalcon */,
			);
			name = AmurFalcon;
			packageProductDependencies = (
			);
			productName = AmurFalcon;
			productReference = 46C5EBC12D12FF1C00FCC689 /* AmurFalcon.app */;
			productType = "com.apple.product-type.application";
		};
		46C5EBD02D12FF1D00FCC689 /* AmurFalconTests */ = {
			isa = PBXNativeTarget;
			buildConfigurationList = 46C5EBE82D12FF1D00FCC689 /* Build configuration list for PBXNativeTarget "AmurFalconTests" */;
			buildPhases = (
				46C5EBCD2D12FF1D00FCC689 /* Sources */,
				46C5EBCE2D12FF1D00FCC689 /* Frameworks */,
				46C5EBCF2D12FF1D00FCC689 /* Resources */,
			);
			buildRules = (
			);
			dependencies = (
				46C5EBD32D12FF1D00FCC689 /* PBXTargetDependency */,
			);
			fileSystemSynchronizedGroups = (
				46C5EBD42D12FF1D00FCC689 /* AmurFalconTests */,
			);
			name = AmurFalconTests;
			packageProductDependencies = (
			);
			productName = AmurFalconTests;
			productReference = 46C5EBD12D12FF1D00FCC689 /* AmurFalconTests.xctest */;
			productType = "com.apple.product-type.bundle.unit-test";
		};
		46C5EBDA2D12FF1D00FCC689 /* AmurFalconUITests */ = {
			isa = PBXNativeTarget;
			buildConfigurationList = 46C5EBEB2D12FF1D00FCC689 /* Build configuration list for PBXNativeTarget "AmurFalconUITests" */;
			buildPhases = (
				46C5EBD72D12FF1D00FCC689 /* Sources */,
				46C5EBD82D12FF1D00FCC689 /* Frameworks */,
				46C5EBD92D12FF1D00FCC689 /* Resources */,
			);
			buildRules = (
			);
			dependencies = (
				46C5EBDD2D12FF1D00FCC689 /* PBXTargetDependency */,
			);
			fileSystemSynchronizedGroups = (
				46C5EBDE2D12FF1D00FCC689 /* AmurFalconUITests */,
			);
			name = AmurFalconUITests;
			packageProductDependencies = (
			);
			productName = AmurFalconUITests;
			productReference = 46C5EBDB2D12FF1D00FCC689 /* AmurFalconUITests.xctest */;
			productType = "com.apple.product-type.bundle.ui-testing";
		};
/* End PBXNativeTarget section */

/* Begin PBXProject section */
		46C5EBB92D12FF1C00FCC689 /* Project object */ = {
			isa = PBXProject;
			attributes = {
				BuildIndependentTargetsInParallel = 1;
				LastSwiftUpdateCheck = 1610;
				LastUpgradeCheck = 1610;
				TargetAttributes = {
					46C5EBC02D12FF1C00FCC689 = {
						CreatedOnToolsVersion = 16.1;
					};
					46C5EBD02D12FF1D00FCC689 = {
						CreatedOnToolsVersion = 16.1;
						TestTargetID = 46C5EBC02D12FF1C00FCC689;
					};
					46C5EBDA2D12FF1D00FCC689 = {
						CreatedOnToolsVersion = 16.1;
						TestTargetID = 46C5EBC02D12FF1C00FCC689;
					};
				};
			};
			buildConfigurationList = 46C5EBBC2D12FF1C00FCC689 /* Build configuration list for PBXProject "AmurFalcon" */;
			developmentRegion = en;
			hasScannedForEncodings = 0;
			knownRegions = (
				en,
				Base,
			);
			mainGroup = 46C5EBB82D12FF1C00FCC689;
			minimizedProjectReferenceProxies = 1;
			preferredProjectObjectVersion = 77;
			productRefGroup = 46C5EBC22D12FF1C00FCC689 /* Products */;
			projectDirPath = "";
			projectRoot = "";
			targets = (
				46C5EBC02D12FF1C00FCC689 /* AmurFalcon */,
				46C5EBD02D12FF1D00FCC689 /* AmurFalconTests */,
				46C5EBDA2D12FF1D00FCC689 /* AmurFalconUITests */,
			);
		};
/* End PBXProject section */

/* Begin PBXResourcesBuildPhase section */
		46C5EBBF2D12FF1C00FCC689 /* Resources */ = {
			isa = PBXResourcesBuildPhase;
			buildActionMask = 2147483647;
			files = (
			);
			runOnlyForDeploymentPostprocessing = 0;
		};
		46C5EBCF2D12FF1D00FCC689 /* Resources */ = {
			isa = PBXResourcesBuildPhase;
			buildActionMask = 2147483647;
			files = (
			);
			runOnlyForDeploymentPostprocessing = 0;
		};
		46C5EBD92D12FF1D00FCC689 /* Resources */ = {
			isa = PBXResourcesBuildPhase;
			buildActionMask = 2147483647;
			files = (
			);
			runOnlyForDeploymentPostprocessing = 0;
		};
/* End PBXResourcesBuildPhase section */

/* Begin PBXSourcesBuildPhase section */
		46C5EBBD2D12FF1C00FCC689 /* Sources */ = {
			isa = PBXSourcesBuildPhase;
			buildActionMask = 2147483647;
			files = (
				46BBC5422D15ECCC00942AB4 /* ClothingView.swift in Sources */,
				462853782D13B27200F283FE /* MenuHeaderView.swift in Sources */,
				46C5EBF72D1302DA00FCC689 /* AnimatedMenuView.swift in Sources */,
				462853532D13A33600F283FE /* MenuView.swift in Sources */,
				463921492D1493AD00F3ED6E /* ShopView.swift in Sources */,
				46BBC5492D1600EF00942AB4 /* ShopHeaderView.swift in Sources */,
				46BBC53E2D15E4C600942AB4 /* Items.swift in Sources */,
				46BBC5442D15EFA400942AB4 /* ItemSelectionView.swift in Sources */,
				4639215A2D14AD2300F3ED6E /* AboutView.swift in Sources */,
				464DD4CE2D17128400CC5653 /* SelectCurrencyView.swift in Sources */,
				46BBC5462D15F0B500942AB4 /* ClothingOptionList.swift in Sources */,
				4639215C2D14ADC200F3ED6E /* AboutOptions.swift in Sources */,
				463921582D14A82B00F3ED6E /* AccountOptions.swift in Sources */,
				46BBC5402D15EB3B00942AB4 /* ClothingBarOptions.swift in Sources */,
				463921562D14A54300F3ED6E /* AccountView.swift in Sources */,
				4628536B2D13A3F100F283FE /* Page.swift in Sources */,
				46C5EBF52D13024C00FCC689 /* HomeView.swift in Sources */,
				46C5EBFD2D13092A00FCC689 /* SearchBarView.swift in Sources */,
				46169BE82D1388A200D61435 /* RecommendedView.swift in Sources */,
				46C5EBC52D12FF1C00FCC689 /* AmurFalconApp.swift in Sources */,
			);
			runOnlyForDeploymentPostprocessing = 0;
		};
		46C5EBCD2D12FF1D00FCC689 /* Sources */ = {
			isa = PBXSourcesBuildPhase;
			buildActionMask = 2147483647;
			files = (
			);
			runOnlyForDeploymentPostprocessing = 0;
		};
		46C5EBD72D12FF1D00FCC689 /* Sources */ = {
			isa = PBXSourcesBuildPhase;
			buildActionMask = 2147483647;
			files = (
			);
			runOnlyForDeploymentPostprocessing = 0;
		};
/* End PBXSourcesBuildPhase section */

/* Begin PBXTargetDependency section */
		46C5EBD32D12FF1D00FCC689 /* PBXTargetDependency */ = {
			isa = PBXTargetDependency;
			target = 46C5EBC02D12FF1C00FCC689 /* AmurFalcon */;
			targetProxy = 46C5EBD22D12FF1D00FCC689 /* PBXContainerItemProxy */;
		};
		46C5EBDD2D12FF1D00FCC689 /* PBXTargetDependency */ = {
			isa = PBXTargetDependency;
			target = 46C5EBC02D12FF1C00FCC689 /* AmurFalcon */;
			targetProxy = 46C5EBDC2D12FF1D00FCC689 /* PBXContainerItemProxy */;
		};
/* End PBXTargetDependency section */

/* Begin XCBuildConfiguration section */
		46C5EBE32D12FF1D00FCC689 /* Debug */ = {
			isa = XCBuildConfiguration;
			buildSettings = {
				ALWAYS_SEARCH_USER_PATHS = NO;
				ASSETCATALOG_COMPILER_GENERATE_SWIFT_ASSET_SYMBOL_EXTENSIONS = YES;
				CLANG_ANALYZER_NONNULL = YES;
				CLANG_ANALYZER_NUMBER_OBJECT_CONVERSION = YES_AGGRESSIVE;
				CLANG_CXX_LANGUAGE_STANDARD = "gnu++20";
				CLANG_ENABLE_MODULES = YES;
				CLANG_ENABLE_OBJC_ARC = YES;
				CLANG_ENABLE_OBJC_WEAK = YES;
				CLANG_WARN_BLOCK_CAPTURE_AUTORELEASING = YES;
				CLANG_WARN_BOOL_CONVERSION = YES;
				CLANG_WARN_COMMA = YES;
				CLANG_WARN_CONSTANT_CONVERSION = YES;
				CLANG_WARN_DEPRECATED_OBJC_IMPLEMENTATIONS = YES;
				CLANG_WARN_DIRECT_OBJC_ISA_USAGE = YES_ERROR;
				CLANG_WARN_DOCUMENTATION_COMMENTS = YES;
				CLANG_WARN_EMPTY_BODY = YES;
				CLANG_WARN_ENUM_CONVERSION = YES;
				CLANG_WARN_INFINITE_RECURSION = YES;
				CLANG_WARN_INT_CONVERSION = YES;
				CLANG_WARN_NON_LITERAL_NULL_CONVERSION = YES;
				CLANG_WARN_OBJC_IMPLICIT_RETAIN_SELF = YES;
				CLANG_WARN_OBJC_LITERAL_CONVERSION = YES;
				CLANG_WARN_OBJC_ROOT_CLASS = YES_ERROR;
				CLANG_WARN_QUOTED_INCLUDE_IN_FRAMEWORK_HEADER = YES;
				CLANG_WARN_RANGE_LOOP_ANALYSIS = YES;
				CLANG_WARN_STRICT_PROTOTYPES = YES;
				CLANG_WARN_SUSPICIOUS_MOVE = YES;
				CLANG_WARN_UNGUARDED_AVAILABILITY = YES_AGGRESSIVE;
				CLANG_WARN_UNREACHABLE_CODE = YES;
				CLANG_WARN__DUPLICATE_METHOD_MATCH = YES;
				COPY_PHASE_STRIP = NO;
				DEBUG_INFORMATION_FORMAT = dwarf;
				ENABLE_STRICT_OBJC_MSGSEND = YES;
				ENABLE_TESTABILITY = YES;
				ENABLE_USER_SCRIPT_SANDBOXING = YES;
				GCC_C_LANGUAGE_STANDARD = gnu17;
				GCC_DYNAMIC_NO_PIC = NO;
				GCC_NO_COMMON_BLOCKS = YES;
				GCC_OPTIMIZATION_LEVEL = 0;
				GCC_PREPROCESSOR_DEFINITIONS = (
					"DEBUG=1",
					"$(inherited)",
				);
				GCC_WARN_64_TO_32_BIT_CONVERSION = YES;
				GCC_WARN_ABOUT_RETURN_TYPE = YES_ERROR;
				GCC_WARN_UNDECLARED_SELECTOR = YES;
				GCC_WARN_UNINITIALIZED_AUTOS = YES_AGGRESSIVE;
				GCC_WARN_UNUSED_FUNCTION = YES;
				GCC_WARN_UNUSED_VARIABLE = YES;
				IPHONEOS_DEPLOYMENT_TARGET = 18.1;
				LOCALIZATION_PREFERS_STRING_CATALOGS = YES;
				MTL_ENABLE_DEBUG_INFO = INCLUDE_SOURCE;
				MTL_FAST_MATH = YES;
				ONLY_ACTIVE_ARCH = YES;
				SDKROOT = iphoneos;
				SWIFT_ACTIVE_COMPILATION_CONDITIONS = "DEBUG $(inherited)";
				SWIFT_OPTIMIZATION_LEVEL = "-Onone";
			};
			name = Debug;
		};
		46C5EBE42D12FF1D00FCC689 /* Release */ = {
			isa = XCBuildConfiguration;
			buildSettings = {
				ALWAYS_SEARCH_USER_PATHS = NO;
				ASSETCATALOG_COMPILER_GENERATE_SWIFT_ASSET_SYMBOL_EXTENSIONS = YES;
				CLANG_ANALYZER_NONNULL = YES;
				CLANG_ANALYZER_NUMBER_OBJECT_CONVERSION = YES_AGGRESSIVE;
				CLANG_CXX_LANGUAGE_STANDARD = "gnu++20";
				CLANG_ENABLE_MODULES = YES;
				CLANG_ENABLE_OBJC_ARC = YES;
				CLANG_ENABLE_OBJC_WEAK = YES;
				CLANG_WARN_BLOCK_CAPTURE_AUTORELEASING = YES;
				CLANG_WARN_BOOL_CONVERSION = YES;
				CLANG_WARN_COMMA = YES;
				CLANG_WARN_CONSTANT_CONVERSION = YES;
				CLANG_WARN_DEPRECATED_OBJC_IMPLEMENTATIONS = YES;
				CLANG_WARN_DIRECT_OBJC_ISA_USAGE = YES_ERROR;
				CLANG_WARN_DOCUMENTATION_COMMENTS = YES;
				CLANG_WARN_EMPTY_BODY = YES;
				CLANG_WARN_ENUM_CONVERSION = YES;
				CLANG_WARN_INFINITE_RECURSION = YES;
				CLANG_WARN_INT_CONVERSION = YES;
				CLANG_WARN_NON_LITERAL_NULL_CONVERSION = YES;
				CLANG_WARN_OBJC_IMPLICIT_RETAIN_SELF = YES;
				CLANG_WARN_OBJC_LITERAL_CONVERSION = YES;
				CLANG_WARN_OBJC_ROOT_CLASS = YES_ERROR;
				CLANG_WARN_QUOTED_INCLUDE_IN_FRAMEWORK_HEADER = YES;
				CLANG_WARN_RANGE_LOOP_ANALYSIS = YES;
				CLANG_WARN_STRICT_PROTOTYPES = YES;
				CLANG_WARN_SUSPICIOUS_MOVE = YES;
				CLANG_WARN_UNGUARDED_AVAILABILITY = YES_AGGRESSIVE;
				CLANG_WARN_UNREACHABLE_CODE = YES;
				CLANG_WARN__DUPLICATE_METHOD_MATCH = YES;
				COPY_PHASE_STRIP = NO;
				DEBUG_INFORMATION_FORMAT = "dwarf-with-dsym";
				ENABLE_NS_ASSERTIONS = NO;
				ENABLE_STRICT_OBJC_MSGSEND = YES;
				ENABLE_USER_SCRIPT_SANDBOXING = YES;
				GCC_C_LANGUAGE_STANDARD = gnu17;
				GCC_NO_COMMON_BLOCKS = YES;
				GCC_WARN_64_TO_32_BIT_CONVERSION = YES;
				GCC_WARN_ABOUT_RETURN_TYPE = YES_ERROR;
				GCC_WARN_UNDECLARED_SELECTOR = YES;
				GCC_WARN_UNINITIALIZED_AUTOS = YES_AGGRESSIVE;
				GCC_WARN_UNUSED_FUNCTION = YES;
				GCC_WARN_UNUSED_VARIABLE = YES;
				IPHONEOS_DEPLOYMENT_TARGET = 18.1;
				LOCALIZATION_PREFERS_STRING_CATALOGS = YES;
				MTL_ENABLE_DEBUG_INFO = NO;
				MTL_FAST_MATH = YES;
				SDKROOT = iphoneos;
				SWIFT_COMPILATION_MODE = wholemodule;
				VALIDATE_PRODUCT = YES;
			};
			name = Release;
		};
		46C5EBE62D12FF1D00FCC689 /* Debug */ = {
			isa = XCBuildConfiguration;
			buildSettings = {
				ASSETCATALOG_COMPILER_APPICON_NAME = AppIcon;
				ASSETCATALOG_COMPILER_GLOBAL_ACCENT_COLOR_NAME = AccentColor;
				CODE_SIGN_STYLE = Automatic;
				CURRENT_PROJECT_VERSION = 1;
				DEVELOPMENT_ASSET_PATHS = "\"AmurFalcon/Preview Content\"";
				DEVELOPMENT_TEAM = X458CUZL7L;
				ENABLE_PREVIEWS = YES;
				GENERATE_INFOPLIST_FILE = YES;
				INFOPLIST_KEY_UIApplicationSceneManifest_Generation = YES;
				INFOPLIST_KEY_UIApplicationSupportsIndirectInputEvents = YES;
				INFOPLIST_KEY_UILaunchScreen_Generation = YES;
				INFOPLIST_KEY_UISupportedInterfaceOrientations_iPad = "UIInterfaceOrientationPortrait UIInterfaceOrientationPortraitUpsideDown UIInterfaceOrientationLandscapeLeft UIInterfaceOrientationLandscapeRight";
				INFOPLIST_KEY_UISupportedInterfaceOrientations_iPhone = "UIInterfaceOrientationPortrait UIInterfaceOrientationLandscapeLeft UIInterfaceOrientationLandscapeRight";
				LD_RUNPATH_SEARCH_PATHS = (
					"$(inherited)",
					"@executable_path/Frameworks",
				);
				MARKETING_VERSION = 1.0;
				PRODUCT_BUNDLE_IDENTIFIER = io..AmurFalcon;
				PRODUCT_NAME = "$(TARGET_NAME)";
				SWIFT_EMIT_LOC_STRINGS = YES;
				SWIFT_VERSION = 5.0;
				TARGETED_DEVICE_FAMILY = "1,2";
			};
			name = Debug;
		};
		46C5EBE72D12FF1D00FCC689 /* Release */ = {
			isa = XCBuildConfiguration;
			buildSettings = {
				ASSETCATALOG_COMPILER_APPICON_NAME = AppIcon;
				ASSETCATALOG_COMPILER_GLOBAL_ACCENT_COLOR_NAME = AccentColor;
				CODE_SIGN_STYLE = Automatic;
				CURRENT_PROJECT_VERSION = 1;
				DEVELOPMENT_ASSET_PATHS = "\"AmurFalcon/Preview Content\"";
				DEVELOPMENT_TEAM = X458CUZL7L;
				ENABLE_PREVIEWS = YES;
				GENERATE_INFOPLIST_FILE = YES;
				INFOPLIST_KEY_UIApplicationSceneManifest_Generation = YES;
				INFOPLIST_KEY_UIApplicationSupportsIndirectInputEvents = YES;
				INFOPLIST_KEY_UILaunchScreen_Generation = YES;
				INFOPLIST_KEY_UISupportedInterfaceOrientations_iPad = "UIInterfaceOrientationPortrait UIInterfaceOrientationPortraitUpsideDown UIInterfaceOrientationLandscapeLeft UIInterfaceOrientationLandscapeRight";
				INFOPLIST_KEY_UISupportedInterfaceOrientations_iPhone = "UIInterfaceOrientationPortrait UIInterfaceOrientationLandscapeLeft UIInterfaceOrientationLandscapeRight";
				LD_RUNPATH_SEARCH_PATHS = (
					"$(inherited)",
					"@executable_path/Frameworks",
				);
				MARKETING_VERSION = 1.0;
				PRODUCT_BUNDLE_IDENTIFIER = io..AmurFalcon;
				PRODUCT_NAME = "$(TARGET_NAME)";
				SWIFT_EMIT_LOC_STRINGS = YES;
				SWIFT_VERSION = 5.0;
				TARGETED_DEVICE_FAMILY = "1,2";
			};
			name = Release;
		};
		46C5EBE92D12FF1D00FCC689 /* Debug */ = {
			isa = XCBuildConfiguration;
			buildSettings = {
				BUNDLE_LOADER = "$(TEST_HOST)";
				CODE_SIGN_STYLE = Automatic;
				CURRENT_PROJECT_VERSION = 1;
				DEVELOPMENT_TEAM = X458CUZL7L;
				GENERATE_INFOPLIST_FILE = YES;
				IPHONEOS_DEPLOYMENT_TARGET = 18.1;
				MARKETING_VERSION = 1.0;
				PRODUCT_BUNDLE_IDENTIFIER = io..AmurFalconTests;
				PRODUCT_NAME = "$(TARGET_NAME)";
				SWIFT_EMIT_LOC_STRINGS = NO;
				SWIFT_VERSION = 5.0;
				TARGETED_DEVICE_FAMILY = "1,2";
				TEST_HOST = "$(BUILT_PRODUCTS_DIR)/AmurFalcon.app/$(BUNDLE_EXECUTABLE_FOLDER_PATH)/AmurFalcon";
			};
			name = Debug;
		};
		46C5EBEA2D12FF1D00FCC689 /* Release */ = {
			isa = XCBuildConfiguration;
			buildSettings = {
				BUNDLE_LOADER = "$(TEST_HOST)";
				CODE_SIGN_STYLE = Automatic;
				CURRENT_PROJECT_VERSION = 1;
				DEVELOPMENT_TEAM = X458CUZL7L;
				GENERATE_INFOPLIST_FILE = YES;
				IPHONEOS_DEPLOYMENT_TARGET = 18.1;
				MARKETING_VERSION = 1.0;
				PRODUCT_BUNDLE_IDENTIFIER = io..AmurFalconTests;
				PRODUCT_NAME = "$(TARGET_NAME)";
				SWIFT_EMIT_LOC_STRINGS = NO;
				SWIFT_VERSION = 5.0;
				TARGETED_DEVICE_FAMILY = "1,2";
				TEST_HOST = "$(BUILT_PRODUCTS_DIR)/AmurFalcon.app/$(BUNDLE_EXECUTABLE_FOLDER_PATH)/AmurFalcon";
			};
			name = Release;
		};
		46C5EBEC2D12FF1D00FCC689 /* Debug */ = {
			isa = XCBuildConfiguration;
			buildSettings = {
				CODE_SIGN_STYLE = Automatic;
				CURRENT_PROJECT_VERSION = 1;
				DEVELOPMENT_TEAM = X458CUZL7L;
				GENERATE_INFOPLIST_FILE = YES;
				MARKETING_VERSION = 1.0;
				PRODUCT_BUNDLE_IDENTIFIER = io..AmurFalconUITests;
				PRODUCT_NAME = "$(TARGET_NAME)";
				SWIFT_EMIT_LOC_STRINGS = NO;
				SWIFT_VERSION = 5.0;
				TARGETED_DEVICE_FAMILY = "1,2";
				TEST_TARGET_NAME = AmurFalcon;
			};
			name = Debug;
		};
		46C5EBED2D12FF1D00FCC689 /* Release */ = {
			isa = XCBuildConfiguration;
			buildSettings = {
				CODE_SIGN_STYLE = Automatic;
				CURRENT_PROJECT_VERSION = 1;
				DEVELOPMENT_TEAM = X458CUZL7L;
				GENERATE_INFOPLIST_FILE = YES;
				MARKETING_VERSION = 1.0;
				PRODUCT_BUNDLE_IDENTIFIER = io..AmurFalconUITests;
				PRODUCT_NAME = "$(TARGET_NAME)";
				SWIFT_EMIT_LOC_STRINGS = NO;
				SWIFT_VERSION = 5.0;
				TARGETED_DEVICE_FAMILY = "1,2";
				TEST_TARGET_NAME = AmurFalcon;
			};
			name = Release;
		};
/* End XCBuildConfiguration section */

/* Begin XCConfigurationList section */
		46C5EBBC2D12FF1C00FCC689 /* Build configuration list for PBXProject "AmurFalcon" */ = {
			isa = XCConfigurationList;
			buildConfigurations = (
				46C5EBE32D12FF1D00FCC689 /* Debug */,
				46C5EBE42D12FF1D00FCC689 /* Release */,
			);
			defaultConfigurationIsVisible = 0;
			defaultConfigurationName = Release;
		};
		46C5EBE52D12FF1D00FCC689 /* Build configuration list for PBXNativeTarget "AmurFalcon" */ = {
			isa = XCConfigurationList;
			buildConfigurations = (
				46C5EBE62D12FF1D00FCC689 /* Debug */,
				46C5EBE72D12FF1D00FCC689 /* Release */,
			);
			defaultConfigurationIsVisible = 0;
			defaultConfigurationName = Release;
		};
		46C5EBE82D12FF1D00FCC689 /* Build configuration list for PBXNativeTarget "AmurFalconTests" */ = {
			isa = XCConfigurationList;
			buildConfigurations = (
				46C5EBE92D12FF1D00FCC689 /* Debug */,
				46C5EBEA2D12FF1D00FCC689 /* Release */,
			);
			defaultConfigurationIsVisible = 0;
			defaultConfigurationName = Release;
		};
		46C5EBEB2D12FF1D00FCC689 /* Build configuration list for PBXNativeTarget "AmurFalconUITests" */ = {
			isa = XCConfigurationList;
			buildConfigurations = (
				46C5EBEC2D12FF1D00FCC689 /* Debug */,
				46C5EBED2D12FF1D00FCC689 /* Release */,
			);
			defaultConfigurationIsVisible = 0;
			defaultConfigurationName = Release;
		};
/* End XCConfigurationList section */
	};
	rootObject = 46C5EBB92D12FF1C00FCC689 /* Project object */;
}
